
Microsoft Visual Studio Solution File, Format Version 12.00
Project("{FAE04EC0-301F-11D3-BF4B-00C04F79EFBC}") = "VariablesDemoCSharp-61", "VariablesDemoCSharp-61\VariablesDemoCSharp-61.csproj", "{C91AA312-4211-4E32-81C7-F9CD8044E446}"
EndProject
Global
	GlobalSection(SolutionConfigurationPlatforms) = preSolution
		Debug|Any CPU = Debug|Any CPU
		Release|Any CPU = Release|Any CPU
	EndGlobalSection
	GlobalSection(ProjectConfigurationPlatforms) = postSolution
		{C91AA312-4211-4E32-81C7-F9CD8044E446}.Debug|Any CPU.ActiveCfg = Debug|Any CPU
		{C91AA312-4211-4E32-81C7-F9CD8044E446}.Debug|Any CPU.Build.0 = Debug|Any CPU
		{C91AA312-4211-4E32-81C7-F9CD8044E446}.Release|Any CPU.ActiveCfg = Release|Any CPU
		{C91AA312-4211-4E32-81C7-F9CD8044E446}.Release|Any CPU.Build.0 = Release|Any CPU
	EndGlobalSection
EndGlobal
